// !$*UTF8*$!
{
	archiveVersion = 1;
	classes = {
	};
	objectVersion = 46;
	objects = {

/* Begin PBXBuildFile section */
		C97DB2EE183A56EF0028EA5C /* Foundation.framework in Frameworks */ = {isa = PBXBuildFile; fileRef = C97DB2ED183A56EF0028EA5C /* Foundation.framework */; };
		C97DB2F0183A56EF0028EA5C /* CoreGraphics.framework in Frameworks */ = {isa = PBXBuildFile; fileRef = C97DB2EF183A56EF0028EA5C /* CoreGraphics.framework */; };
		C97DB2F2183A56EF0028EA5C /* UIKit.framework in Frameworks */ = {isa = PBXBuildFile; fileRef = C97DB2F1183A56EF0028EA5C /* UIKit.framework */; };
		C97DB2F8183A56EF0028EA5C /* InfoPlist.strings in Resources */ = {isa = PBXBuildFile; fileRef = C97DB2F6183A56EF0028EA5C /* InfoPlist.strings */; };
		C97DB2FA183A56EF0028EA5C /* main.m in Sources */ = {isa = PBXBuildFile; fileRef = C97DB2F9183A56EF0028EA5C /* main.m */; };
		C97DB2FE183A56EF0028EA5C /* KIAppDelegate.m in Sources */ = {isa = PBXBuildFile; fileRef = C97DB2FD183A56EF0028EA5C /* KIAppDelegate.m */; };
		C97DB301183A56EF0028EA5C /* Main.storyboard in Resources */ = {isa = PBXBuildFile; fileRef = C97DB2FF183A56EF0028EA5C /* Main.storyboard */; };
		C97DB304183A56EF0028EA5C /* KIViewController.m in Sources */ = {isa = PBXBuildFile; fileRef = C97DB303183A56EF0028EA5C /* KIViewController.m */; };
		C97DB306183A56EF0028EA5C /* Images.xcassets in Resources */ = {isa = PBXBuildFile; fileRef = C97DB305183A56EF0028EA5C /* Images.xcassets */; };
		C97DB30D183A56F00028EA5C /* XCTest.framework in Frameworks */ = {isa = PBXBuildFile; fileRef = C97DB30C183A56F00028EA5C /* XCTest.framework */; };
		C97DB30E183A56F00028EA5C /* Foundation.framework in Frameworks */ = {isa = PBXBuildFile; fileRef = C97DB2ED183A56EF0028EA5C /* Foundation.framework */; };
		C97DB30F183A56F00028EA5C /* UIKit.framework in Frameworks */ = {isa = PBXBuildFile; fileRef = C97DB2F1183A56EF0028EA5C /* UIKit.framework */; };
		C97DB317183A56F00028EA5C /* InfoPlist.strings in Resources */ = {isa = PBXBuildFile; fileRef = C97DB315183A56F00028EA5C /* InfoPlist.strings */; };
		C97DB319183A56F00028EA5C /* KILabelDemoTests.m in Sources */ = {isa = PBXBuildFile; fileRef = C97DB318183A56F00028EA5C /* KILabelDemoTests.m */; };
		C97DB325183A57110028EA5C /* KILabel.m in Sources */ = {isa = PBXBuildFile; fileRef = C97DB324183A57110028EA5C /* KILabel.m */; };
		C97DB327183A59670028EA5C /* MessageUI.framework in Frameworks */ = {isa = PBXBuildFile; fileRef = C97DB326183A59670028EA5C /* MessageUI.framework */; };
		C9ABA08A1AEE5A8600363407 /* KILabelTableViewController.m in Sources */ = {isa = PBXBuildFile; fileRef = C9ABA0891AEE5A8600363407 /* KILabelTableViewController.m */; };
		C9ABA08D1AEE5BAC00363407 /* KILabelTableViewCell.m in Sources */ = {isa = PBXBuildFile; fileRef = C9ABA08C1AEE5BAC00363407 /* KILabelTableViewCell.m */; };
/* End PBXBuildFile section */

/* Begin PBXContainerItemProxy section */
		C97DB310183A56F00028EA5C /* PBXContainerItemProxy */ = {
			isa = PBXContainerItemProxy;
			containerPortal = C97DB2E2183A56EF0028EA5C /* Project object */;
			proxyType = 1;
			remoteGlobalIDString = C97DB2E9183A56EF0028EA5C;
			remoteInfo = KILabelDemo;
		};
/* End PBXContainerItemProxy section */

/* Begin PBXFileReference section */
		C97DB2EA183A56EF0028EA5C /* KILabelDemo.app */ = {isa = PBXFileReference; explicitFileType = wrapper.application; includeInIndex = 0; path = KILabelDemo.app; sourceTree = BUILT_PRODUCTS_DIR; };
		C97DB2ED183A56EF0028EA5C /* Foundation.framework */ = {isa = PBXFileReference; lastKnownFileType = wrapper.framework; name = Foundation.framework; path = System/Library/Frameworks/Foundation.framework; sourceTree = SDKROOT; };
		C97DB2EF183A56EF0028EA5C /* CoreGraphics.framework */ = {isa = PBXFileReference; lastKnownFileType = wrapper.framework; name = CoreGraphics.framework; path = System/Library/Frameworks/CoreGraphics.framework; sourceTree = SDKROOT; };
		C97DB2F1183A56EF0028EA5C /* UIKit.framework */ = {isa = PBXFileReference; lastKnownFileType = wrapper.framework; name = UIKit.framework; path = System/Library/Frameworks/UIKit.framework; sourceTree = SDKROOT; };
		C97DB2F5183A56EF0028EA5C /* KILabelDemo-Info.plist */ = {isa = PBXFileReference; lastKnownFileType = text.plist.xml; path = "KILabelDemo-Info.plist"; sourceTree = "<group>"; };
		C97DB2F7183A56EF0028EA5C /* en */ = {isa = PBXFileReference; lastKnownFileType = text.plist.strings; name = en; path = en.lproj/InfoPlist.strings; sourceTree = "<group>"; };
		C97DB2F9183A56EF0028EA5C /* main.m */ = {isa = PBXFileReference; lastKnownFileType = sourcecode.c.objc; path = main.m; sourceTree = "<group>"; };
		C97DB2FB183A56EF0028EA5C /* KILabelDemo-Prefix.pch */ = {isa = PBXFileReference; lastKnownFileType = sourcecode.c.h; path = "KILabelDemo-Prefix.pch"; sourceTree = "<group>"; };
		C97DB2FC183A56EF0028EA5C /* KIAppDelegate.h */ = {isa = PBXFileReference; lastKnownFileType = sourcecode.c.h; path = KIAppDelegate.h; sourceTree = "<group>"; };
		C97DB2FD183A56EF0028EA5C /* KIAppDelegate.m */ = {isa = PBXFileReference; lastKnownFileType = sourcecode.c.objc; path = KIAppDelegate.m; sourceTree = "<group>"; };
		C97DB300183A56EF0028EA5C /* Base */ = {isa = PBXFileReference; lastKnownFileType = file.storyboard; name = Base; path = Base.lproj/Main.storyboard; sourceTree = "<group>"; };
		C97DB302183A56EF0028EA5C /* KIViewController.h */ = {isa = PBXFileReference; lastKnownFileType = sourcecode.c.h; path = KIViewController.h; sourceTree = "<group>"; };
		C97DB303183A56EF0028EA5C /* KIViewController.m */ = {isa = PBXFileReference; lastKnownFileType = sourcecode.c.objc; path = KIViewController.m; sourceTree = "<group>"; };
		C97DB305183A56EF0028EA5C /* Images.xcassets */ = {isa = PBXFileReference; lastKnownFileType = folder.assetcatalog; path = Images.xcassets; sourceTree = "<group>"; };
		C97DB30B183A56F00028EA5C /* KILabelDemoTests.xctest */ = {isa = PBXFileReference; explicitFileType = wrapper.cfbundle; includeInIndex = 0; path = KILabelDemoTests.xctest; sourceTree = BUILT_PRODUCTS_DIR; };
		C97DB30C183A56F00028EA5C /* XCTest.framework */ = {isa = PBXFileReference; lastKnownFileType = wrapper.framework; name = XCTest.framework; path = Library/Frameworks/XCTest.framework; sourceTree = DEVELOPER_DIR; };
		C97DB314183A56F00028EA5C /* KILabelDemoTests-Info.plist */ = {isa = PBXFileReference; lastKnownFileType = text.plist.xml; path = "KILabelDemoTests-Info.plist"; sourceTree = "<group>"; };
		C97DB316183A56F00028EA5C /* en */ = {isa = PBXFileReference; lastKnownFileType = text.plist.strings; name = en; path = en.lproj/InfoPlist.strings; sourceTree = "<group>"; };
		C97DB318183A56F00028EA5C /* KILabelDemoTests.m */ = {isa = PBXFileReference; lastKnownFileType = sourcecode.c.objc; path = KILabelDemoTests.m; sourceTree = "<group>"; };
		C97DB323183A57110028EA5C /* KILabel.h */ = {isa = PBXFileReference; fileEncoding = 4; lastKnownFileType = sourcecode.c.h; name = KILabel.h; path = ../KILabel/Source/KILabel.h; sourceTree = "<group>"; };
		C97DB324183A57110028EA5C /* KILabel.m */ = {isa = PBXFileReference; fileEncoding = 4; lastKnownFileType = sourcecode.c.objc; name = KILabel.m; path = ../KILabel/Source/KILabel.m; sourceTree = "<group>"; };
		C97DB326183A59670028EA5C /* MessageUI.framework */ = {isa = PBXFileReference; lastKnownFileType = wrapper.framework; name = MessageUI.framework; path = System/Library/Frameworks/MessageUI.framework; sourceTree = SDKROOT; };
		C9ABA0881AEE5A8600363407 /* KILabelTableViewController.h */ = {isa = PBXFileReference; fileEncoding = 4; lastKnownFileType = sourcecode.c.h; path = KILabelTableViewController.h; sourceTree = "<group>"; };
		C9ABA0891AEE5A8600363407 /* KILabelTableViewController.m */ = {isa = PBXFileReference; fileEncoding = 4; lastKnownFileType = sourcecode.c.objc; path = KILabelTableViewController.m; sourceTree = "<group>"; };
		C9ABA08B1AEE5BAC00363407 /* KILabelTableViewCell.h */ = {isa = PBXFileReference; fileEncoding = 4; lastKnownFileType = sourcecode.c.h; path = KILabelTableViewCell.h; sourceTree = "<group>"; };
		C9ABA08C1AEE5BAC00363407 /* KILabelTableViewCell.m */ = {isa = PBXFileReference; fileEncoding = 4; lastKnownFileType = sourcecode.c.objc; path = KILabelTableViewCell.m; sourceTree = "<group>"; };
/* End PBXFileReference section */

/* Begin PBXFrameworksBuildPhase section */
		C97DB2E7183A56EF0028EA5C /* Frameworks */ = {
			isa = PBXFrameworksBuildPhase;
			buildActionMask = 2147483647;
			files = (
				C97DB327183A59670028EA5C /* MessageUI.framework in Frameworks */,
				C97DB2F0183A56EF0028EA5C /* CoreGraphics.framework in Frameworks */,
				C97DB2F2183A56EF0028EA5C /* UIKit.framework in Frameworks */,
				C97DB2EE183A56EF0028EA5C /* Foundation.framework in Frameworks */,
			);
			runOnlyForDeploymentPostprocessing = 0;
		};
		C97DB308183A56F00028EA5C /* Frameworks */ = {
			isa = PBXFrameworksBuildPhase;
			buildActionMask = 2147483647;
			files = (
				C97DB30D183A56F00028EA5C /* XCTest.framework in Frameworks */,
				C97DB30F183A56F00028EA5C /* UIKit.framework in Frameworks */,
				C97DB30E183A56F00028EA5C /* Foundation.framework in Frameworks */,
			);
			runOnlyForDeploymentPostprocessing = 0;
		};
/* End PBXFrameworksBuildPhase section */

/* Begin PBXGroup section */
		C97DB2E1183A56EF0028EA5C = {
			isa = PBXGroup;
			children = (
				C97DB322183A57010028EA5C /* KILabel */,
				C97DB2F3183A56EF0028EA5C /* KILabelDemo */,
				C97DB312183A56F00028EA5C /* KILabelDemoTests */,
				C97DB2EC183A56EF0028EA5C /* Frameworks */,
				C97DB2EB183A56EF0028EA5C /* Products */,
			);
			sourceTree = "<group>";
		};
		C97DB2EB183A56EF0028EA5C /* Products */ = {
			isa = PBXGroup;
			children = (
				C97DB2EA183A56EF0028EA5C /* KILabelDemo.app */,
				C97DB30B183A56F00028EA5C /* KILabelDemoTests.xctest */,
			);
			name = Products;
			sourceTree = "<group>";
		};
		C97DB2EC183A56EF0028EA5C /* Frameworks */ = {
			isa = PBXGroup;
			children = (
				C97DB326183A59670028EA5C /* MessageUI.framework */,
				C97DB2ED183A56EF0028EA5C /* Foundation.framework */,
				C97DB2EF183A56EF0028EA5C /* CoreGraphics.framework */,
				C97DB2F1183A56EF0028EA5C /* UIKit.framework */,
				C97DB30C183A56F00028EA5C /* XCTest.framework */,
			);
			name = Frameworks;
			sourceTree = "<group>";
		};
		C97DB2F3183A56EF0028EA5C /* KILabelDemo */ = {
			isa = PBXGroup;
			children = (
				C97DB2FC183A56EF0028EA5C /* KIAppDelegate.h */,
				C97DB2FD183A56EF0028EA5C /* KIAppDelegate.m */,
				C97DB2FF183A56EF0028EA5C /* Main.storyboard */,
				C9ABA0881AEE5A8600363407 /* KILabelTableViewController.h */,
				C9ABA0891AEE5A8600363407 /* KILabelTableViewController.m */,
				C9ABA08B1AEE5BAC00363407 /* KILabelTableViewCell.h */,
				C9ABA08C1AEE5BAC00363407 /* KILabelTableViewCell.m */,
				C97DB302183A56EF0028EA5C /* KIViewController.h */,
				C97DB303183A56EF0028EA5C /* KIViewController.m */,
				C97DB305183A56EF0028EA5C /* Images.xcassets */,
				C97DB2F4183A56EF0028EA5C /* Supporting Files */,
			);
			path = KILabelDemo;
			sourceTree = "<group>";
		};
		C97DB2F4183A56EF0028EA5C /* Supporting Files */ = {
			isa = PBXGroup;
			children = (
				C97DB2F5183A56EF0028EA5C /* KILabelDemo-Info.plist */,
				C97DB2F6183A56EF0028EA5C /* InfoPlist.strings */,
				C97DB2F9183A56EF0028EA5C /* main.m */,
				C97DB2FB183A56EF0028EA5C /* KILabelDemo-Prefix.pch */,
			);
			name = "Supporting Files";
			sourceTree = "<group>";
		};
		C97DB312183A56F00028EA5C /* KILabelDemoTests */ = {
			isa = PBXGroup;
			children = (
				C97DB318183A56F00028EA5C /* KILabelDemoTests.m */,
				C97DB313183A56F00028EA5C /* Supporting Files */,
			);
			path = KILabelDemoTests;
			sourceTree = "<group>";
		};
		C97DB313183A56F00028EA5C /* Supporting Files */ = {
			isa = PBXGroup;
			children = (
				C97DB314183A56F00028EA5C /* KILabelDemoTests-Info.plist */,
				C97DB315183A56F00028EA5C /* InfoPlist.strings */,
			);
			name = "Supporting Files";
			sourceTree = "<group>";
		};
		C97DB322183A57010028EA5C /* KILabel */ = {
			isa = PBXGroup;
			children = (
				C97DB323183A57110028EA5C /* KILabel.h */,
				C97DB324183A57110028EA5C /* KILabel.m */,
			);
			name = KILabel;
			sourceTree = "<group>";
		};
/* End PBXGroup section */

/* Begin PBXNativeTarget section */
		C97DB2E9183A56EF0028EA5C /* KILabelDemo */ = {
			isa = PBXNativeTarget;
			buildConfigurationList = C97DB31C183A56F00028EA5C /* Build configuration list for PBXNativeTarget "KILabelDemo" */;
			buildPhases = (
				C97DB2E6183A56EF0028EA5C /* Sources */,
				C97DB2E7183A56EF0028EA5C /* Frameworks */,
				C97DB2E8183A56EF0028EA5C /* Resources */,
			);
			buildRules = (
			);
			dependencies = (
			);
			name = KILabelDemo;
			productName = KILabelDemo;
			productReference = C97DB2EA183A56EF0028EA5C /* KILabelDemo.app */;
			productType = "com.apple.product-type.application";
		};
		C97DB30A183A56F00028EA5C /* KILabelDemoTests */ = {
			isa = PBXNativeTarget;
			buildConfigurationList = C97DB31F183A56F00028EA5C /* Build configuration list for PBXNativeTarget "KILabelDemoTests" */;
			buildPhases = (
				C97DB307183A56F00028EA5C /* Sources */,
				C97DB308183A56F00028EA5C /* Frameworks */,
				C97DB309183A56F00028EA5C /* Resources */,
			);
			buildRules = (
			);
			dependencies = (
				C97DB311183A56F00028EA5C /* PBXTargetDependency */,
			);
			name = KILabelDemoTests;
			productName = KILabelDemoTests;
			productReference = C97DB30B183A56F00028EA5C /* KILabelDemoTests.xctest */;
			productType = "com.apple.product-type.bundle.unit-test";
		};
/* End PBXNativeTarget section */

/* Begin PBXProject section */
		C97DB2E2183A56EF0028EA5C /* Project object */ = {
			isa = PBXProject;
			attributes = {
				CLASSPREFIX = KI;
				LastUpgradeCheck = 0510;
				ORGANIZATIONNAME = "Matthew Styles";
				TargetAttributes = {
					C97DB30A183A56F00028EA5C = {
						TestTargetID = C97DB2E9183A56EF0028EA5C;
					};
				};
			};
			buildConfigurationList = C97DB2E5183A56EF0028EA5C /* Build configuration list for PBXProject "KILabelDemo" */;
			compatibilityVersion = "Xcode 3.2";
			developmentRegion = English;
			hasScannedForEncodings = 0;
			knownRegions = (
				en,
				Base,
			);
			mainGroup = C97DB2E1183A56EF0028EA5C;
			productRefGroup = C97DB2EB183A56EF0028EA5C /* Products */;
			projectDirPath = "";
			projectRoot = "";
			targets = (
				C97DB2E9183A56EF0028EA5C /* KILabelDemo */,
				C97DB30A183A56F00028EA5C /* KILabelDemoTests */,
			);
		};
/* End PBXProject section */

/* Begin PBXResourcesBuildPhase section */
		C97DB2E8183A56EF0028EA5C /* Resources */ = {
			isa = PBXResourcesBuildPhase;
			buildActionMask = 2147483647;
			files = (
				C97DB306183A56EF0028EA5C /* Images.xcassets in Resources */,
				C97DB2F8183A56EF0028EA5C /* InfoPlist.strings in Resources */,
				C97DB301183A56EF0028EA5C /* Main.storyboard in Resources */,
			);
			runOnlyForDeploymentPostprocessing = 0;
		};
		C97DB309183A56F00028EA5C /* Resources */ = {
			isa = PBXResourcesBuildPhase;
			buildActionMask = 2147483647;
			files = (
				C97DB317183A56F00028EA5C /* InfoPlist.strings in Resources */,
			);
			runOnlyForDeploymentPostprocessing = 0;
		};
/* End PBXResourcesBuildPhase section */

/* Begin PBXSourcesBuildPhase section */
		C97DB2E6183A56EF0028EA5C /* Sources */ = {
			isa = PBXSourcesBuildPhase;
			buildActionMask = 2147483647;
			files = (
				C97DB325183A57110028EA5C /* KILabel.m in Sources */,
				C97DB304183A56EF0028EA5C /* KIViewController.m in Sources */,
				C9ABA08D1AEE5BAC00363407 /* KILabelTableViewCell.m in Sources */,
				C97DB2FE183A56EF0028EA5C /* KIAppDelegate.m in Sources */,
				C9ABA08A1AEE5A8600363407 /* KILabelTableViewController.m in Sources */,
				C97DB2FA183A56EF0028EA5C /* main.m in Sources */,
			);
			runOnlyForDeploymentPostprocessing = 0;
		};
		C97DB307183A56F00028EA5C /* Sources */ = {
			isa = PBXSourcesBuildPhase;
			buildActionMask = 2147483647;
			files = (
				C97DB319183A56F00028EA5C /* KILabelDemoTests.m in Sources */,
			);
			runOnlyForDeploymentPostprocessing = 0;
		};
/* End PBXSourcesBuildPhase section */

/* Begin PBXTargetDependency section */
		C97DB311183A56F00028EA5C /* PBXTargetDependency */ = {
			isa = PBXTargetDependency;
			target = C97DB2E9183A56EF0028EA5C /* KILabelDemo */;
			targetProxy = C97DB310183A56F00028EA5C /* PBXContainerItemProxy */;
		};
/* End PBXTargetDependency section */

/* Begin PBXVariantGroup section */
		C97DB2F6183A56EF0028EA5C /* InfoPlist.strings */ = {
			isa = PBXVariantGroup;
			children = (
				C97DB2F7183A56EF0028EA5C /* en */,
			);
			name = InfoPlist.strings;
			sourceTree = "<group>";
		};
		C97DB2FF183A56EF0028EA5C /* Main.storyboard */ = {
			isa = PBXVariantGroup;
			children = (
				C97DB300183A56EF0028EA5C /* Base */,
			);
			name = Main.storyboard;
			sourceTree = "<group>";
		};
		C97DB315183A56F00028EA5C /* InfoPlist.strings */ = {
			isa = PBXVariantGroup;
			children = (
				C97DB316183A56F00028EA5C /* en */,
			);
			name = InfoPlist.strings;
			sourceTree = "<group>";
		};
/* End PBXVariantGroup section */

/* Begin XCBuildConfiguration section */
		C97DB31A183A56F00028EA5C /* Debug */ = {
			isa = XCBuildConfiguration;
			buildSettings = {
				ALWAYS_SEARCH_USER_PATHS = NO;
				CLANG_CXX_LANGUAGE_STANDARD = "gnu++0x";
				CLANG_CXX_LIBRARY = "libc++";
				CLANG_ENABLE_MODULES = YES;
				CLANG_ENABLE_OBJC_ARC = YES;
				CLANG_WARN_BOOL_CONVERSION = YES;
				CLANG_WARN_CONSTANT_CONVERSION = YES;
				CLANG_WARN_DIRECT_OBJC_ISA_USAGE = YES_ERROR;
				CLANG_WARN_EMPTY_BODY = YES;
				CLANG_WARN_ENUM_CONVERSION = YES;
				CLANG_WARN_INT_CONVERSION = YES;
				CLANG_WARN_OBJC_ROOT_CLASS = YES_ERROR;
				CLANG_WARN__DUPLICATE_METHOD_MATCH = YES;
				"CODE_SIGN_IDENTITY[sdk=iphoneos*]" = "iPhone Developer";
				COPY_PHASE_STRIP = NO;
				GCC_C_LANGUAGE_STANDARD = gnu99;
				GCC_DYNAMIC_NO_PIC = NO;
				GCC_OPTIMIZATION_LEVEL = 0;
				GCC_PREPROCESSOR_DEFINITIONS = (
					"DEBUG=1",
					"$(inherited)",
				);
				GCC_SYMBOLS_PRIVATE_EXTERN = NO;
				GCC_WARN_64_TO_32_BIT_CONVERSION = YES;
				GCC_WARN_ABOUT_RETURN_TYPE = YES_ERROR;
				GCC_WARN_UNDECLARED_SELECTOR = YES;
				GCC_WARN_UNINITIALIZED_AUTOS = YES;
				GCC_WARN_UNUSED_FUNCTION = YES;
				GCC_WARN_UNUSED_VARIABLE = YES;
				IPHONEOS_DEPLOYMENT_TARGET = 8.3;
				ONLY_ACTIVE_ARCH = YES;
				SDKROOT = iphoneos;
			};
			name = Debug;
		};
		C97DB31B183A56F00028EA5C /* Release */ = {
			isa = XCBuildConfiguration;
			buildSettings = {
				ALWAYS_SEARCH_USER_PATHS = NO;
				CLANG_CXX_LANGUAGE_STANDARD = "gnu++0x";
				CLANG_CXX_LIBRARY = "libc++";
				CLANG_ENABLE_MODULES = YES;
				CLANG_ENABLE_OBJC_ARC = YES;
				CLANG_WARN_BOOL_CONVERSION = YES;
				CLANG_WARN_CONSTANT_CONVERSION = YES;
				CLANG_WARN_DIRECT_OBJC_ISA_USAGE = YES_ERROR;
				CLANG_WARN_EMPTY_BODY = YES;
				CLANG_WARN_ENUM_CONVERSION = YES;
				CLANG_WARN_INT_CONVERSION = YES;
				CLANG_WARN_OBJC_ROOT_CLASS = YES_ERROR;
				CLANG_WARN__DUPLICATE_METHOD_MATCH = YES;
				"CODE_SIGN_IDENTITY[sdk=iphoneos*]" = "iPhone Developer";
				COPY_PHASE_STRIP = YES;
				ENABLE_NS_ASSERTIONS = NO;
				GCC_C_LANGUAGE_STANDARD = gnu99;
				GCC_WARN_64_TO_32_BIT_CONVERSION = YES;
				GCC_WARN_ABOUT_RETURN_TYPE = YES_ERROR;
				GCC_WARN_UNDECLARED_SELECTOR = YES;
				GCC_WARN_UNINITIALIZED_AUTOS = YES;
				GCC_WARN_UNUSED_FUNCTION = YES;
				GCC_WARN_UNUSED_VARIABLE = YES;
				IPHONEOS_DEPLOYMENT_TARGET = 8.3;
				SDKROOT = iphoneos;
				VALIDATE_PRODUCT = YES;
			};
			name = Release;
		};
		C97DB31D183A56F00028EA5C /* Debug */ = {
			isa = XCBuildConfiguration;
			buildSettings = {
				ASSETCATALOG_COMPILER_APPICON_NAME = AppIcon;
				ASSETCATALOG_COMPILER_LAUNCHIMAGE_NAME = LaunchImage;
				GCC_PRECOMPILE_PREFIX_HEADER = YES;
				GCC_PREFIX_HEADER = "KILabelDemo/KILabelDemo-Prefix.pch";
				INFOPLIST_FILE = "KILabelDemo/KILabelDemo-Info.plist";
				PRODUCT_NAME = "$(TARGET_NAME)";
				WRAPPER_EXTENSION = app;
			};
			name = Debug;
		};
		C97DB31E183A56F00028EA5C /* Release */ = {
			isa = XCBuildConfiguration;
			buildSettings = {
				ASSETCATALOG_COMPILER_APPICON_NAME = AppIcon;
				ASSETCATALOG_COMPILER_LAUNCHIMAGE_NAME = LaunchImage;
				GCC_PRECOMPILE_PREFIX_HEADER = YES;
				GCC_PREFIX_HEADER = "KILabelDemo/KILabelDemo-Prefix.pch";
				INFOPLIST_FILE = "KILabelDemo/KILabelDemo-Info.plist";
				PRODUCT_NAME = "$(TARGET_NAME)";
				WRAPPER_EXTENSION = app;
			};
			name = Release;
		};
		C97DB320183A56F00028EA5C /* Debug */ = {
			isa = XCBuildConfiguration;
			buildSettings = {
				BUNDLE_LOADER = "$(BUILT_PRODUCTS_DIR)/KILabelDemo.app/KILabelDemo";
				FRAMEWORK_SEARCH_PATHS = (
					"$(SDKROOT)/Developer/Library/Frameworks",
					"$(inherited)",
					"$(DEVELOPER_FRAMEWORKS_DIR)",
				);
				GCC_PRECOMPILE_PREFIX_HEADER = YES;
				GCC_PREFIX_HEADER = "KILabelDemo/KILabelDemo-Prefix.pch";
				GCC_PREPROCESSOR_DEFINITIONS = (
					"DEBUG=1",
					"$(inherited)",
				);
				INFOPLIST_FILE = "KILabelDemoTests/KILabelDemoTests-Info.plist";
				PRODUCT_NAME = "$(TARGET_NAME)";
				TEST_HOST = "$(BUNDLE_LOADER)";
				WRAPPER_EXTENSION = xctest;
			};
			name = Debug;
		};
		C97DB321183A56F00028EA5C /* Release */ = {
			isa = XCBuildConfiguration;
			buildSettings = {
				BUNDLE_LOADER = "$(BUILT_PRODUCTS_DIR)/KILabelDemo.app/KILabelDemo";
				FRAMEWORK_SEARCH_PATHS = (
					"$(SDKROOT)/Developer/Library/Frameworks",
					"$(inherited)",
					"$(DEVELOPER_FRAMEWORKS_DIR)",
				);
				GCC_PRECOMPILE_PREFIX_HEADER = YES;
				GCC_PREFIX_HEADER = "KILabelDemo/KILabelDemo-Prefix.pch";
				INFOPLIST_FILE = "KILabelDemoTests/KILabelDemoTests-Info.plist";
				PRODUCT_NAME = "$(TARGET_NAME)";
				TEST_HOST = "$(BUNDLE_LOADER)";
				WRAPPER_EXTENSION = xctest;
			};
			name = Release;
		};
/* End XCBuildConfiguration section */

/* Begin XCConfigurationList section */
		C97DB2E5183A56EF0028EA5C /* Build configuration list for PBXProject "KILabelDemo" */ = {
			isa = XCConfigurationList;
			buildConfigurations = (
				C97DB31A183A56F00028EA5C /* Debug */,
				C97DB31B183A56F00028EA5C /* Release */,
			);
			defaultConfigurationIsVisible = 0;
			defaultConfigurationName = Release;
		};
		C97DB31C183A56F00028EA5C /* Build configuration list for PBXNativeTarget "KILabelDemo" */ = {
			isa = XCConfigurationList;
			buildConfigurations = (
				C97DB31D183A56F00028EA5C /* Debug */,
				C97DB31E183A56F00028EA5C /* Release */,
			);
			defaultConfigurationIsVisible = 0;
			defaultConfigurationName = Release;
		};
		C97DB31F183A56F00028EA5C /* Build configuration list for PBXNativeTarget "KILabelDemoTests" */ = {
			isa = XCConfigurationList;
			buildConfigurations = (
				C97DB320183A56F00028EA5C /* Debug */,
				C97DB321183A56F00028EA5C /* Release */,
			);
			defaultConfigurationIsVisible = 0;
			defaultConfigurationName = Release;
		};
/* End XCConfigurationList section */
	};
	rootObject = C97DB2E2183A56EF0028EA5C /* Project object */;
}
